
Microsoft Visual Studio Solution File, Format Version 12.00
# Visual Studio Version 16
VisualStudioVersion = 25.0.1706.14
MinimumVisualStudioVersion = 10.0.40219.1
Project("{FAE04EC0-301F-11D3-BF4B-00C04F79EFBC}") = "Calculator", "Firstprogram\Calculator.csproj", "{ECA288C2-A66A-434C-ADAA-EE72D6A41A85}"
EndProject
Project("{FAE04EC0-301F-11D3-BF4B-00C04F79EFBC}") = "AreaOfCircle", "AreaOfCircle\AreaOfCircle.csproj", "{2C115F00-F0D2-4808-BEE6-8B8564675187}"
EndProject
Global
	GlobalSection(SolutionConfigurationPlatforms) = preSolution
		Debug|Any CPU = Debug|Any CPU
		Release|Any CPU = Release|Any CPU
	EndGlobalSection
	GlobalSection(ProjectConfigurationPlatforms) = postSolution
		{ECA288C2-A66A-434C-ADAA-EE72D6A41A85}.Debug|Any CPU.ActiveCfg = Debug|Any CPU
		{ECA288C2-A66A-434C-ADAA-EE72D6A41A85}.Debug|Any CPU.Build.0 = Debug|Any CPU
		{ECA288C2-A66A-434C-ADAA-EE72D6A41A85}.Release|Any CPU.ActiveCfg = Release|Any CPU
		{ECA288C2-A66A-434C-ADAA-EE72D6A41A85}.Release|Any CPU.Build.0 = Release|Any CPU
		{2C115F00-F0D2-4808-BEE6-8B8564675187}.Debug|Any CPU.ActiveCfg = Debug|Any CPU
		{2C115F00-F0D2-4808-BEE6-8B8564675187}.Debug|Any CPU.Build.0 = Debug|Any CPU
		{2C115F00-F0D2-4808-BEE6-8B8564675187}.Release|Any CPU.ActiveCfg = Release|Any CPU
		{2C115F00-F0D2-4808-BEE6-8B8564675187}.Release|Any CPU.Build.0 = Release|Any CPU
	EndGlobalSection
	GlobalSection(SolutionProperties) = preSolution
		HideSolutionNode = FALSE
	EndGlobalSection
	GlobalSection(ExtensibilityGlobals) = postSolution
		SolutionGuid = {34D658FD-0894-4FFA-A0EA-CCB59AC5E922}
	EndGlobalSection
EndGlobal
